
Microsoft Visual Studio Solution File, Format Version 12.00
# Visual Studio Version 17
VisualStudioVersion = 17.5.33530.505
MinimumVisualStudioVersion = 10.0.40219.1
Project("{2150E333-8FDC-42A3-9474-1A3956D46DE8}") = "Core", "Core", "{CEA3AB70-0769-4C22-8724-8A4901DA4F13}"
EndProject
Project("{2150E333-8FDC-42A3-9474-1A3956D46DE8}") = "Infra", "Infra", "{5B7F5F20-8105-4210-B5FB-E8B05B3CB274}"
EndProject
Project("{2150E333-8FDC-42A3-9474-1A3956D46DE8}") = "Presentation", "Presentation", "{4DDF49CC-BDE2-4FEF-88D3-5FD04BAD34C7}"
EndProject
Project("{2150E333-8FDC-42A3-9474-1A3956D46DE8}") = "Tests", "Tests", "{01B2639A-7E0D-49E6-8A17-F8FBF53F40DE}"
EndProject
Project("{9A19103F-16F7-4668-BE54-9A1E7A4F7556}") = "Receipts.QueryHandler.Application", "Receipts.QueryHandler.Application\Receipts.QueryHandler.Application.csproj", "{C2312E06-FD4F-47A1-8E41-C4AEBBFCE90C}"
EndProject
Project("{9A19103F-16F7-4668-BE54-9A1E7A4F7556}") = "Receipts.QueryHandler.CrossCutting", "Receipts.QueryHandler.CrossCutting\Receipts.QueryHandler.CrossCutting.csproj", "{964F47E7-D7B8-4A6B-B45A-1CF7DD95CAFD}"
EndProject
Project("{9A19103F-16F7-4668-BE54-9A1E7A4F7556}") = "Receipts.QueryHandler.Data", "Receipts.QueryHandler.Data\Receipts.QueryHandler.Data.csproj", "{AB144E31-706A-44E3-B291-EB8D1FEA21FB}"
EndProject
Project("{9A19103F-16F7-4668-BE54-9A1E7A4F7556}") = "Receipts.QueryHandler.Api", "Receipts.QueryHandler.API\Receipts.QueryHandler.Api.csproj", "{7DB2CEFC-BE01-40C0-B280-6E8F28E2BCAC}"
EndProject
Project("{9A19103F-16F7-4668-BE54-9A1E7A4F7556}") = "Receipts.QueryHandler.Domain", "Receipts.QueryHandler.Domain\Receipts.QueryHandler.Domain.csproj", "{C6677B76-94FD-4FD2-B773-04BA50611AB0}"
EndProject
Project("{9A19103F-16F7-4668-BE54-9A1E7A4F7556}") = "Receipts.QueryHandler.IntegrationTests", "..\tests\Receipts.QueryHandler.IntegrationTests\Receipts.QueryHandler.IntegrationTests.csproj", "{28E744F6-A182-4F39-848F-AAE7E9E1CC32}"
EndProject
Project("{9A19103F-16F7-4668-BE54-9A1E7A4F7556}") = "Receipts.QueryHandler.UnitTests", "..\tests\Receipts.QueryHandler.UnitTests\Receipts.QueryHandler.UnitTests.csproj", "{CF2C22EE-7336-4EEC-97E7-B899DFBCD1EB}"
EndProject
Global
	GlobalSection(SolutionConfigurationPlatforms) = preSolution
		Debug|Any CPU = Debug|Any CPU
		Release|Any CPU = Release|Any CPU
	EndGlobalSection
	GlobalSection(ProjectConfigurationPlatforms) = postSolution
		{C2312E06-FD4F-47A1-8E41-C4AEBBFCE90C}.Debug|Any CPU.ActiveCfg = Debug|Any CPU
		{C2312E06-FD4F-47A1-8E41-C4AEBBFCE90C}.Debug|Any CPU.Build.0 = Debug|Any CPU
		{C2312E06-FD4F-47A1-8E41-C4AEBBFCE90C}.Release|Any CPU.ActiveCfg = Release|Any CPU
		{C2312E06-FD4F-47A1-8E41-C4AEBBFCE90C}.Release|Any CPU.Build.0 = Release|Any CPU
		{964F47E7-D7B8-4A6B-B45A-1CF7DD95CAFD}.Debug|Any CPU.ActiveCfg = Debug|Any CPU
		{964F47E7-D7B8-4A6B-B45A-1CF7DD95CAFD}.Debug|Any CPU.Build.0 = Debug|Any CPU
		{964F47E7-D7B8-4A6B-B45A-1CF7DD95CAFD}.Release|Any CPU.ActiveCfg = Release|Any CPU
		{964F47E7-D7B8-4A6B-B45A-1CF7DD95CAFD}.Release|Any CPU.Build.0 = Release|Any CPU
		{AB144E31-706A-44E3-B291-EB8D1FEA21FB}.Debug|Any CPU.ActiveCfg = Debug|Any CPU
		{AB144E31-706A-44E3-B291-EB8D1FEA21FB}.Debug|Any CPU.Build.0 = Debug|Any CPU
		{AB144E31-706A-44E3-B291-EB8D1FEA21FB}.Release|Any CPU.ActiveCfg = Release|Any CPU
		{AB144E31-706A-44E3-B291-EB8D1FEA21FB}.Release|Any CPU.Build.0 = Release|Any CPU
		{7DB2CEFC-BE01-40C0-B280-6E8F28E2BCAC}.Debug|Any CPU.ActiveCfg = Debug|Any CPU
		{7DB2CEFC-BE01-40C0-B280-6E8F28E2BCAC}.Debug|Any CPU.Build.0 = Debug|Any CPU
		{7DB2CEFC-BE01-40C0-B280-6E8F28E2BCAC}.Release|Any CPU.ActiveCfg = Release|Any CPU
		{7DB2CEFC-BE01-40C0-B280-6E8F28E2BCAC}.Release|Any CPU.Build.0 = Release|Any CPU
		{C6677B76-94FD-4FD2-B773-04BA50611AB0}.Debug|Any CPU.ActiveCfg = Debug|Any CPU
		{C6677B76-94FD-4FD2-B773-04BA50611AB0}.Debug|Any CPU.Build.0 = Debug|Any CPU
		{C6677B76-94FD-4FD2-B773-04BA50611AB0}.Release|Any CPU.ActiveCfg = Release|Any CPU
		{C6677B76-94FD-4FD2-B773-04BA50611AB0}.Release|Any CPU.Build.0 = Release|Any CPU
		{28E744F6-A182-4F39-848F-AAE7E9E1CC32}.Debug|Any CPU.ActiveCfg = Debug|Any CPU
		{28E744F6-A182-4F39-848F-AAE7E9E1CC32}.Debug|Any CPU.Build.0 = Debug|Any CPU
		{28E744F6-A182-4F39-848F-AAE7E9E1CC32}.Release|Any CPU.ActiveCfg = Release|Any CPU
		{28E744F6-A182-4F39-848F-AAE7E9E1CC32}.Release|Any CPU.Build.0 = Release|Any CPU
		{CF2C22EE-7336-4EEC-97E7-B899DFBCD1EB}.Debug|Any CPU.ActiveCfg = Debug|Any CPU
		{CF2C22EE-7336-4EEC-97E7-B899DFBCD1EB}.Debug|Any CPU.Build.0 = Debug|Any CPU
		{CF2C22EE-7336-4EEC-97E7-B899DFBCD1EB}.Release|Any CPU.ActiveCfg = Release|Any CPU
		{CF2C22EE-7336-4EEC-97E7-B899DFBCD1EB}.Release|Any CPU.Build.0 = Release|Any CPU
	EndGlobalSection
	GlobalSection(SolutionProperties) = preSolution
		HideSolutionNode = FALSE
	EndGlobalSection
	GlobalSection(NestedProjects) = preSolution
		{C2312E06-FD4F-47A1-8E41-C4AEBBFCE90C} = {CEA3AB70-0769-4C22-8724-8A4901DA4F13}
		{964F47E7-D7B8-4A6B-B45A-1CF7DD95CAFD} = {5B7F5F20-8105-4210-B5FB-E8B05B3CB274}
		{AB144E31-706A-44E3-B291-EB8D1FEA21FB} = {5B7F5F20-8105-4210-B5FB-E8B05B3CB274}
		{7DB2CEFC-BE01-40C0-B280-6E8F28E2BCAC} = {4DDF49CC-BDE2-4FEF-88D3-5FD04BAD34C7}
		{C6677B76-94FD-4FD2-B773-04BA50611AB0} = {CEA3AB70-0769-4C22-8724-8A4901DA4F13}
		{28E744F6-A182-4F39-848F-AAE7E9E1CC32} = {01B2639A-7E0D-49E6-8A17-F8FBF53F40DE}
		{CF2C22EE-7336-4EEC-97E7-B899DFBCD1EB} = {01B2639A-7E0D-49E6-8A17-F8FBF53F40DE}
	EndGlobalSection
	GlobalSection(ExtensibilityGlobals) = postSolution
		SolutionGuid = {B210AF14-0742-4C65-9FD4-E3E227EFCBA3}
	EndGlobalSection
EndGlobal
